<Solution>
  <Project Path="NodeCanvas.csproj" />
  <Project Path="AstarPathfindingProject.csproj" />
  <Project Path="Febucci.TextAnimatorForUnity.Runtime.csproj" />
  <Project Path="Assembly-CSharp-firstpass.csproj" />
  <Project Path="Assembly-CSharp-Editor-firstpass.csproj" />
  <Project Path="AstarPathfindingProjectExamples.csproj" />
  <Project Path="AstarPathfindingProjectEditor.csproj" />
  <Project Path="Assembly-CSharp-Editor.csproj" />
  <Project Path="ParadoxNotion.csproj" />
  <Project Path="XCharts.Runtime.csproj" />
  <Project Path="XCharts.Editor.csproj" />
  <Project Path="Assembly-CSharp.csproj" />
  <Project Path="Drawing.csproj" />
  <Project Path="PrimeTween.Demo.csproj" />
  <Project Path="AstarPackageToolsEditor.csproj" />
  <Project Path="XCharts.Examples.csproj" />
  <Project Path="Febucci.Attributes.Runtime.csproj" />
  <Project Path="Febucci.TextAnimatorForUnity.Input.Runtime.csproj" />
  <Project Path="andywiecko.BurstTriangulator.csproj" />
  <Project Path="PackageTools.csproj" />
  <Project Path="Febucci.TextAnimatorForUnity.TMP.Runtime.csproj" />
  <Project Path="Sirenix.OdinInspector.Modules.UnityMathematics.csproj" />
  <Project Path="PrimeTween.Debug.csproj" />
  <Project Path="DrawingEditor.csproj" />
  <Project Path="Febucci.TextAnimatorForUnity.UITk.Runtime.csproj" />
  <Project Path="DrawingPackageToolsEditor.csproj" />
  <Project Path="PrimeTween.Installer.csproj" />
  <Project Path="Febucci.TextAnimator.Demo.Runtime.csproj" />
  <Project Path="AstarPathfindingProjectExamplesEditor.csproj" />
  <Project Path="Febucci.TextAnimator.Demo.Sounds.Runtime.csproj" />
</Solution>
